// !$*UTF8*$!
{
	archiveVersion = 1;
	classes = {
	};
	objectVersion = 55;
	objects = {

/* Begin PBXBuildFile section */
		34031C3828579F250027B6CD /* AppDelegate.swift in Sources */ = {isa = PBXBuildFile; fileRef = 34031C3728579F250027B6CD /* AppDelegate.swift */; };
		34031C3A28579F250027B6CD /* SceneDelegate.swift in Sources */ = {isa = PBXBuildFile; fileRef = 34031C3928579F250027B6CD /* SceneDelegate.swift */; };
		34031C3C28579F250027B6CD /* ViewController.swift in Sources */ = {isa = PBXBuildFile; fileRef = 34031C3B28579F250027B6CD /* ViewController.swift */; };
		34031C3F28579F250027B6CD /* Main.storyboard in Resources */ = {isa = PBXBuildFile; fileRef = 34031C3D28579F250027B6CD /* Main.storyboard */; };
		34031C4128579F280027B6CD /* Assets.xcassets in Resources */ = {isa = PBXBuildFile; fileRef = 34031C4028579F280027B6CD /* Assets.xcassets */; };
		34031C4428579F280027B6CD /* LaunchScreen.storyboard in Resources */ = {isa = PBXBuildFile; fileRef = 34031C4228579F280027B6CD /* LaunchScreen.storyboard */; };
		34031C4F28579F280027B6CD /* test_deep_linkTests.swift in Sources */ = {isa = PBXBuildFile; fileRef = 34031C4E28579F280027B6CD /* test_deep_linkTests.swift */; };
		34031C5928579F280027B6CD /* test_deep_linkUITests.swift in Sources */ = {isa = PBXBuildFile; fileRef = 34031C5828579F280027B6CD /* test_deep_linkUITests.swift */; };
		34031C5B28579F280027B6CD /* test_deep_linkUITestsLaunchTests.swift in Sources */ = {isa = PBXBuildFile; fileRef = 34031C5A28579F280027B6CD /* test_deep_linkUITestsLaunchTests.swift */; };
		34AA7B6B286CEBB400D68F03 /* DetailViewController.swift in Sources */ = {isa = PBXBuildFile; fileRef = 34AA7B6A286CEBB400D68F03 /* DetailViewController.swift */; };
		34AA7B6E286FACC900D68F03 /* DetailViewControllerTwo.swift in Sources */ = {isa = PBXBuildFile; fileRef = 34AA7B6D286FACC900D68F03 /* DetailViewControllerTwo.swift */; };
/* End PBXBuildFile section */

/* Begin PBXContainerItemProxy section */
		34031C4B28579F280027B6CD /* PBXContainerItemProxy */ = {
			isa = PBXContainerItemProxy;
			containerPortal = 34031C2C28579F250027B6CD /* Project object */;
			proxyType = 1;
			remoteGlobalIDString = 34031C3328579F250027B6CD;
			remoteInfo = test_deep_link;
		};
		34031C5528579F280027B6CD /* PBXContainerItemProxy */ = {
			isa = PBXContainerItemProxy;
			containerPortal = 34031C2C28579F250027B6CD /* Project object */;
			proxyType = 1;
			remoteGlobalIDString = 34031C3328579F250027B6CD;
			remoteInfo = test_deep_link;
		};
/* End PBXContainerItemProxy section */

/* Begin PBXFileReference section */
		34031C3428579F250027B6CD /* test_deep_link.app */ = {isa = PBXFileReference; explicitFileType = wrapper.application; includeInIndex = 0; path = test_deep_link.app; sourceTree = BUILT_PRODUCTS_DIR; };
		34031C3728579F250027B6CD /* AppDelegate.swift */ = {isa = PBXFileReference; lastKnownFileType = sourcecode.swift; path = AppDelegate.swift; sourceTree = "<group>"; };
		34031C3928579F250027B6CD /* SceneDelegate.swift */ = {isa = PBXFileReference; lastKnownFileType = sourcecode.swift; path = SceneDelegate.swift; sourceTree = "<group>"; };
		34031C3B28579F250027B6CD /* ViewController.swift */ = {isa = PBXFileReference; lastKnownFileType = sourcecode.swift; path = ViewController.swift; sourceTree = "<group>"; };
		34031C3E28579F250027B6CD /* Base */ = {isa = PBXFileReference; lastKnownFileType = file.storyboard; name = Base; path = Base.lproj/Main.storyboard; sourceTree = "<group>"; };
		34031C4028579F280027B6CD /* Assets.xcassets */ = {isa = PBXFileReference; lastKnownFileType = folder.assetcatalog; path = Assets.xcassets; sourceTree = "<group>"; };
		34031C4328579F280027B6CD /* Base */ = {isa = PBXFileReference; lastKnownFileType = file.storyboard; name = Base; path = Base.lproj/LaunchScreen.storyboard; sourceTree = "<group>"; };
		34031C4528579F280027B6CD /* Info.plist */ = {isa = PBXFileReference; lastKnownFileType = text.plist.xml; path = Info.plist; sourceTree = "<group>"; };
		34031C4A28579F280027B6CD /* test_deep_linkTests.xctest */ = {isa = PBXFileReference; explicitFileType = wrapper.cfbundle; includeInIndex = 0; path = test_deep_linkTests.xctest; sourceTree = BUILT_PRODUCTS_DIR; };
		34031C4E28579F280027B6CD /* test_deep_linkTests.swift */ = {isa = PBXFileReference; lastKnownFileType = sourcecode.swift; path = test_deep_linkTests.swift; sourceTree = "<group>"; };
		34031C5428579F280027B6CD /* test_deep_linkUITests.xctest */ = {isa = PBXFileReference; explicitFileType = wrapper.cfbundle; includeInIndex = 0; path = test_deep_linkUITests.xctest; sourceTree = BUILT_PRODUCTS_DIR; };
		34031C5828579F280027B6CD /* test_deep_linkUITests.swift */ = {isa = PBXFileReference; lastKnownFileType = sourcecode.swift; path = test_deep_linkUITests.swift; sourceTree = "<group>"; };
		34031C5A28579F280027B6CD /* test_deep_linkUITestsLaunchTests.swift */ = {isa = PBXFileReference; lastKnownFileType = sourcecode.swift; path = test_deep_linkUITestsLaunchTests.swift; sourceTree = "<group>"; };
		34AA7B6A286CEBB400D68F03 /* DetailViewController.swift */ = {isa = PBXFileReference; lastKnownFileType = sourcecode.swift; path = DetailViewController.swift; sourceTree = "<group>"; };
		34AA7B6C286F868000D68F03 /* test_deep_link.entitlements */ = {isa = PBXFileReference; lastKnownFileType = text.plist.entitlements; path = test_deep_link.entitlements; sourceTree = "<group>"; };
		34AA7B6D286FACC900D68F03 /* DetailViewControllerTwo.swift */ = {isa = PBXFileReference; lastKnownFileType = sourcecode.swift; path = DetailViewControllerTwo.swift; sourceTree = "<group>"; };
/* End PBXFileReference section */

/* Begin PBXFrameworksBuildPhase section */
		34031C3128579F250027B6CD /* Frameworks */ = {
			isa = PBXFrameworksBuildPhase;
			buildActionMask = 2147483647;
			files = (
			);
			runOnlyForDeploymentPostprocessing = 0;
		};
		34031C4728579F280027B6CD /* Frameworks */ = {
			isa = PBXFrameworksBuildPhase;
			buildActionMask = 2147483647;
			files = (
			);
			runOnlyForDeploymentPostprocessing = 0;
		};
		34031C5128579F280027B6CD /* Frameworks */ = {
			isa = PBXFrameworksBuildPhase;
			buildActionMask = 2147483647;
			files = (
			);
			runOnlyForDeploymentPostprocessing = 0;
		};
/* End PBXFrameworksBuildPhase section */

/* Begin PBXGroup section */
		34031C2B28579F250027B6CD = {
			isa = PBXGroup;
			children = (
				34031C3628579F250027B6CD /* test_deep_link */,
				34031C4D28579F280027B6CD /* test_deep_linkTests */,
				34031C5728579F280027B6CD /* test_deep_linkUITests */,
				34031C3528579F250027B6CD /* Products */,
			);
			sourceTree = "<group>";
		};
		34031C3528579F250027B6CD /* Products */ = {
			isa = PBXGroup;
			children = (
				34031C3428579F250027B6CD /* test_deep_link.app */,
				34031C4A28579F280027B6CD /* test_deep_linkTests.xctest */,
				34031C5428579F280027B6CD /* test_deep_linkUITests.xctest */,
			);
			name = Products;
			sourceTree = "<group>";
		};
		34031C3628579F250027B6CD /* test_deep_link */ = {
			isa = PBXGroup;
			children = (
				34AA7B6C286F868000D68F03 /* test_deep_link.entitlements */,
				34031C3728579F250027B6CD /* AppDelegate.swift */,
				34031C3928579F250027B6CD /* SceneDelegate.swift */,
				34031C3B28579F250027B6CD /* ViewController.swift */,
				34AA7B6A286CEBB400D68F03 /* DetailViewController.swift */,
				34AA7B6D286FACC900D68F03 /* DetailViewControllerTwo.swift */,
				34031C3D28579F250027B6CD /* Main.storyboard */,
				34031C4028579F280027B6CD /* Assets.xcassets */,
				34031C4228579F280027B6CD /* LaunchScreen.storyboard */,
				34031C4528579F280027B6CD /* Info.plist */,
			);
			path = test_deep_link;
			sourceTree = "<group>";
		};
		34031C4D28579F280027B6CD /* test_deep_linkTests */ = {
			isa = PBXGroup;
			children = (
				34031C4E28579F280027B6CD /* test_deep_linkTests.swift */,
			);
			path = test_deep_linkTests;
			sourceTree = "<group>";
		};
		34031C5728579F280027B6CD /* test_deep_linkUITests */ = {
			isa = PBXGroup;
			children = (
				34031C5828579F280027B6CD /* test_deep_linkUITests.swift */,
				34031C5A28579F280027B6CD /* test_deep_linkUITestsLaunchTests.swift */,
			);
			path = test_deep_linkUITests;
			sourceTree = "<group>";
		};
/* End PBXGroup section */

/* Begin PBXNativeTarget section */
		34031C3328579F250027B6CD /* test_deep_link */ = {
			isa = PBXNativeTarget;
			buildConfigurationList = 34031C5E28579F280027B6CD /* Build configuration list for PBXNativeTarget "test_deep_link" */;
			buildPhases = (
				34031C3028579F250027B6CD /* Sources */,
				34031C3128579F250027B6CD /* Frameworks */,
				34031C3228579F250027B6CD /* Resources */,
			);
			buildRules = (
			);
			dependencies = (
			);
			name = test_deep_link;
			productName = test_deep_link;
			productReference = 34031C3428579F250027B6CD /* test_deep_link.app */;
			productType = "com.apple.product-type.application";
		};
		34031C4928579F280027B6CD /* test_deep_linkTests */ = {
			isa = PBXNativeTarget;
			buildConfigurationList = 34031C6128579F280027B6CD /* Build configuration list for PBXNativeTarget "test_deep_linkTests" */;
			buildPhases = (
				34031C4628579F280027B6CD /* Sources */,
				34031C4728579F280027B6CD /* Frameworks */,
				34031C4828579F280027B6CD /* Resources */,
			);
			buildRules = (
			);
			dependencies = (
				34031C4C28579F280027B6CD /* PBXTargetDependency */,
			);
			name = test_deep_linkTests;
			productName = test_deep_linkTests;
			productReference = 34031C4A28579F280027B6CD /* test_deep_linkTests.xctest */;
			productType = "com.apple.product-type.bundle.unit-test";
		};
		34031C5328579F280027B6CD /* test_deep_linkUITests */ = {
			isa = PBXNativeTarget;
			buildConfigurationList = 34031C6428579F280027B6CD /* Build configuration list for PBXNativeTarget "test_deep_linkUITests" */;
			buildPhases = (
				34031C5028579F280027B6CD /* Sources */,
				34031C5128579F280027B6CD /* Frameworks */,
				34031C5228579F280027B6CD /* Resources */,
			);
			buildRules = (
			);
			dependencies = (
				34031C5628579F280027B6CD /* PBXTargetDependency */,
			);
			name = test_deep_linkUITests;
			productName = test_deep_linkUITests;
			productReference = 34031C5428579F280027B6CD /* test_deep_linkUITests.xctest */;
			productType = "com.apple.product-type.bundle.ui-testing";
		};
/* End PBXNativeTarget section */

/* Begin PBXProject section */
		34031C2C28579F250027B6CD /* Project object */ = {
			isa = PBXProject;
			attributes = {
				BuildIndependentTargetsInParallel = 1;
				LastSwiftUpdateCheck = 1340;
				LastUpgradeCheck = 1340;
				TargetAttributes = {
					34031C3328579F250027B6CD = {
						CreatedOnToolsVersion = 13.4.1;
					};
					34031C4928579F280027B6CD = {
						CreatedOnToolsVersion = 13.4.1;
						TestTargetID = 34031C3328579F250027B6CD;
					};
					34031C5328579F280027B6CD = {
						CreatedOnToolsVersion = 13.4.1;
						TestTargetID = 34031C3328579F250027B6CD;
					};
				};
			};
			buildConfigurationList = 34031C2F28579F250027B6CD /* Build configuration list for PBXProject "test_deep_link" */;
			compatibilityVersion = "Xcode 13.0";
			developmentRegion = en;
			hasScannedForEncodings = 0;
			knownRegions = (
				en,
				Base,
			);
			mainGroup = 34031C2B28579F250027B6CD;
			productRefGroup = 34031C3528579F250027B6CD /* Products */;
			projectDirPath = "";
			projectRoot = "";
			targets = (
				34031C3328579F250027B6CD /* test_deep_link */,
				34031C4928579F280027B6CD /* test_deep_linkTests */,
				34031C5328579F280027B6CD /* test_deep_linkUITests */,
			);
		};
/* End PBXProject section */

/* Begin PBXResourcesBuildPhase section */
		34031C3228579F250027B6CD /* Resources */ = {
			isa = PBXResourcesBuildPhase;
			buildActionMask = 2147483647;
			files = (
				34031C4428579F280027B6CD /* LaunchScreen.storyboard in Resources */,
				34031C4128579F280027B6CD /* Assets.xcassets in Resources */,
				34031C3F28579F250027B6CD /* Main.storyboard in Resources */,
			);
			runOnlyForDeploymentPostprocessing = 0;
		};
		34031C4828579F280027B6CD /* Resources */ = {
			isa = PBXResourcesBuildPhase;
			buildActionMask = 2147483647;
			files = (
			);
			runOnlyForDeploymentPostprocessing = 0;
		};
		34031C5228579F280027B6CD /* Resources */ = {
			isa = PBXResourcesBuildPhase;
			buildActionMask = 2147483647;
			files = (
			);
			runOnlyForDeploymentPostprocessing = 0;
		};
/* End PBXResourcesBuildPhase section */

/* Begin PBXSourcesBuildPhase section */
		34031C3028579F250027B6CD /* Sources */ = {
			isa = PBXSourcesBuildPhase;
			buildActionMask = 2147483647;
			files = (
				34031C3C28579F250027B6CD /* ViewController.swift in Sources */,
				34AA7B6E286FACC900D68F03 /* DetailViewControllerTwo.swift in Sources */,
				34031C3828579F250027B6CD /* AppDelegate.swift in Sources */,
				34031C3A28579F250027B6CD /* SceneDelegate.swift in Sources */,
				34AA7B6B286CEBB400D68F03 /* DetailViewController.swift in Sources */,
			);
			runOnlyForDeploymentPostprocessing = 0;
		};
		34031C4628579F280027B6CD /* Sources */ = {
			isa = PBXSourcesBuildPhase;
			buildActionMask = 2147483647;
			files = (
				34031C4F28579F280027B6CD /* test_deep_linkTests.swift in Sources */,
			);
			runOnlyForDeploymentPostprocessing = 0;
		};
		34031C5028579F280027B6CD /* Sources */ = {
			isa = PBXSourcesBuildPhase;
			buildActionMask = 2147483647;
			files = (
				34031C5B28579F280027B6CD /* test_deep_linkUITestsLaunchTests.swift in Sources */,
				34031C5928579F280027B6CD /* test_deep_linkUITests.swift in Sources */,
			);
			runOnlyForDeploymentPostprocessing = 0;
		};
/* End PBXSourcesBuildPhase section */

/* Begin PBXTargetDependency section */
		34031C4C28579F280027B6CD /* PBXTargetDependency */ = {
			isa = PBXTargetDependency;
			target = 34031C3328579F250027B6CD /* test_deep_link */;
			targetProxy = 34031C4B28579F280027B6CD /* PBXContainerItemProxy */;
		};
		34031C5628579F280027B6CD /* PBXTargetDependency */ = {
			isa = PBXTargetDependency;
			target = 34031C3328579F250027B6CD /* test_deep_link */;
			targetProxy = 34031C5528579F280027B6CD /* PBXContainerItemProxy */;
		};
/* End PBXTargetDependency section */

/* Begin PBXVariantGroup section */
		34031C3D28579F250027B6CD /* Main.storyboard */ = {
			isa = PBXVariantGroup;
			children = (
				34031C3E28579F250027B6CD /* Base */,
			);
			name = Main.storyboard;
			sourceTree = "<group>";
		};
		34031C4228579F280027B6CD /* LaunchScreen.storyboard */ = {
			isa = PBXVariantGroup;
			children = (
				34031C4328579F280027B6CD /* Base */,
			);
			name = LaunchScreen.storyboard;
			sourceTree = "<group>";
		};
/* End PBXVariantGroup section */

/* Begin XCBuildConfiguration section */
		34031C5C28579F280027B6CD /* Debug */ = {
			isa = XCBuildConfiguration;
			buildSettings = {
				ALWAYS_SEARCH_USER_PATHS = NO;
				CLANG_ANALYZER_NONNULL = YES;
				CLANG_ANALYZER_NUMBER_OBJECT_CONVERSION = YES_AGGRESSIVE;
				CLANG_CXX_LANGUAGE_STANDARD = "gnu++17";
				CLANG_ENABLE_MODULES = YES;
				CLANG_ENABLE_OBJC_ARC = YES;
				CLANG_ENABLE_OBJC_WEAK = YES;
				CLANG_WARN_BLOCK_CAPTURE_AUTORELEASING = YES;
				CLANG_WARN_BOOL_CONVERSION = YES;
				CLANG_WARN_COMMA = YES;
				CLANG_WARN_CONSTANT_CONVERSION = YES;
				CLANG_WARN_DEPRECATED_OBJC_IMPLEMENTATIONS = YES;
				CLANG_WARN_DIRECT_OBJC_ISA_USAGE = YES_ERROR;
				CLANG_WARN_DOCUMENTATION_COMMENTS = YES;
				CLANG_WARN_EMPTY_BODY = YES;
				CLANG_WARN_ENUM_CONVERSION = YES;
				CLANG_WARN_INFINITE_RECURSION = YES;
				CLANG_WARN_INT_CONVERSION = YES;
				CLANG_WARN_NON_LITERAL_NULL_CONVERSION = YES;
				CLANG_WARN_OBJC_IMPLICIT_RETAIN_SELF = YES;
				CLANG_WARN_OBJC_LITERAL_CONVERSION = YES;
				CLANG_WARN_OBJC_ROOT_CLASS = YES_ERROR;
				CLANG_WARN_QUOTED_INCLUDE_IN_FRAMEWORK_HEADER = YES;
				CLANG_WARN_RANGE_LOOP_ANALYSIS = YES;
				CLANG_WARN_STRICT_PROTOTYPES = YES;
				CLANG_WARN_SUSPICIOUS_MOVE = YES;
				CLANG_WARN_UNGUARDED_AVAILABILITY = YES_AGGRESSIVE;
				CLANG_WARN_UNREACHABLE_CODE = YES;
				CLANG_WARN__DUPLICATE_METHOD_MATCH = YES;
				COPY_PHASE_STRIP = NO;
				DEBUG_INFORMATION_FORMAT = dwarf;
				ENABLE_STRICT_OBJC_MSGSEND = YES;
				ENABLE_TESTABILITY = YES;
				GCC_C_LANGUAGE_STANDARD = gnu11;
				GCC_DYNAMIC_NO_PIC = NO;
				GCC_NO_COMMON_BLOCKS = YES;
				GCC_OPTIMIZATION_LEVEL = 0;
				GCC_PREPROCESSOR_DEFINITIONS = (
					"DEBUG=1",
					"$(inherited)",
				);
				GCC_WARN_64_TO_32_BIT_CONVERSION = YES;
				GCC_WARN_ABOUT_RETURN_TYPE = YES_ERROR;
				GCC_WARN_UNDECLARED_SELECTOR = YES;
				GCC_WARN_UNINITIALIZED_AUTOS = YES_AGGRESSIVE;
				GCC_WARN_UNUSED_FUNCTION = YES;
				GCC_WARN_UNUSED_VARIABLE = YES;
				IPHONEOS_DEPLOYMENT_TARGET = 12.0;
				MTL_ENABLE_DEBUG_INFO = INCLUDE_SOURCE;
				MTL_FAST_MATH = YES;
				ONLY_ACTIVE_ARCH = YES;
				SDKROOT = iphoneos;
				SWIFT_ACTIVE_COMPILATION_CONDITIONS = DEBUG;
				SWIFT_OPTIMIZATION_LEVEL = "-Onone";
			};
			name = Debug;
		};
		34031C5D28579F280027B6CD /* Release */ = {
			isa = XCBuildConfiguration;
			buildSettings = {
				ALWAYS_SEARCH_USER_PATHS = NO;
				CLANG_ANALYZER_NONNULL = YES;
				CLANG_ANALYZER_NUMBER_OBJECT_CONVERSION = YES_AGGRESSIVE;
				CLANG_CXX_LANGUAGE_STANDARD = "gnu++17";
				CLANG_ENABLE_MODULES = YES;
				CLANG_ENABLE_OBJC_ARC = YES;
				CLANG_ENABLE_OBJC_WEAK = YES;
				CLANG_WARN_BLOCK_CAPTURE_AUTORELEASING = YES;
				CLANG_WARN_BOOL_CONVERSION = YES;
				CLANG_WARN_COMMA = YES;
				CLANG_WARN_CONSTANT_CONVERSION = YES;
				CLANG_WARN_DEPRECATED_OBJC_IMPLEMENTATIONS = YES;
				CLANG_WARN_DIRECT_OBJC_ISA_USAGE = YES_ERROR;
				CLANG_WARN_DOCUMENTATION_COMMENTS = YES;
				CLANG_WARN_EMPTY_BODY = YES;
				CLANG_WARN_ENUM_CONVERSION = YES;
				CLANG_WARN_INFINITE_RECURSION = YES;
				CLANG_WARN_INT_CONVERSION = YES;
				CLANG_WARN_NON_LITERAL_NULL_CONVERSION = YES;
				CLANG_WARN_OBJC_IMPLICIT_RETAIN_SELF = YES;
				CLANG_WARN_OBJC_LITERAL_CONVERSION = YES;
				CLANG_WARN_OBJC_ROOT_CLASS = YES_ERROR;
				CLANG_WARN_QUOTED_INCLUDE_IN_FRAMEWORK_HEADER = YES;
				CLANG_WARN_RANGE_LOOP_ANALYSIS = YES;
				CLANG_WARN_STRICT_PROTOTYPES = YES;
				CLANG_WARN_SUSPICIOUS_MOVE = YES;
				CLANG_WARN_UNGUARDED_AVAILABILITY = YES_AGGRESSIVE;
				CLANG_WARN_UNREACHABLE_CODE = YES;
				CLANG_WARN__DUPLICATE_METHOD_MATCH = YES;
				COPY_PHASE_STRIP = NO;
				DEBUG_INFORMATION_FORMAT = "dwarf-with-dsym";
				ENABLE_NS_ASSERTIONS = NO;
				ENABLE_STRICT_OBJC_MSGSEND = YES;
				GCC_C_LANGUAGE_STANDARD = gnu11;
				GCC_NO_COMMON_BLOCKS = YES;
				GCC_WARN_64_TO_32_BIT_CONVERSION = YES;
				GCC_WARN_ABOUT_RETURN_TYPE = YES_ERROR;
				GCC_WARN_UNDECLARED_SELECTOR = YES;
				GCC_WARN_UNINITIALIZED_AUTOS = YES_AGGRESSIVE;
				GCC_WARN_UNUSED_FUNCTION = YES;
				GCC_WARN_UNUSED_VARIABLE = YES;
				IPHONEOS_DEPLOYMENT_TARGET = 12.0;
				MTL_ENABLE_DEBUG_INFO = NO;
				MTL_FAST_MATH = YES;
				SDKROOT = iphoneos;
				SWIFT_COMPILATION_MODE = wholemodule;
				SWIFT_OPTIMIZATION_LEVEL = "-O";
				VALIDATE_PRODUCT = YES;
			};
			name = Release;
		};
		34031C5F28579F280027B6CD /* Debug */ = {
			isa = XCBuildConfiguration;
			buildSettings = {
				ASSETCATALOG_COMPILER_APPICON_NAME = AppIcon;
				ASSETCATALOG_COMPILER_GLOBAL_ACCENT_COLOR_NAME = AccentColor;
				CODE_SIGN_ENTITLEMENTS = test_deep_link/test_deep_link.entitlements;
				CODE_SIGN_IDENTITY = "Apple Development";
				CODE_SIGN_STYLE = Automatic;
				CURRENT_PROJECT_VERSION = 1;
				DEVELOPMENT_TEAM = 59B368V557;
				GENERATE_INFOPLIST_FILE = YES;
				INFOPLIST_FILE = test_deep_link/Info.plist;
				INFOPLIST_KEY_UIApplicationSupportsIndirectInputEvents = YES;
				INFOPLIST_KEY_UILaunchStoryboardName = LaunchScreen;
				INFOPLIST_KEY_UIMainStoryboardFile = Main;
				INFOPLIST_KEY_UISupportedInterfaceOrientations_iPad = "UIInterfaceOrientationPortrait UIInterfaceOrientationPortraitUpsideDown UIInterfaceOrientationLandscapeLeft UIInterfaceOrientationLandscapeRight";
				INFOPLIST_KEY_UISupportedInterfaceOrientations_iPhone = "UIInterfaceOrientationPortrait UIInterfaceOrientationLandscapeLeft UIInterfaceOrientationLandscapeRight";
				IPHONEOS_DEPLOYMENT_TARGET = 13.0;
				LD_RUNPATH_SEARCH_PATHS = (
					"$(inherited)",
					"@executable_path/Frameworks",
				);
				MARKETING_VERSION = 1.0;
				PRODUCT_BUNDLE_IDENTIFIER = dp.test.deep.link;
				PRODUCT_NAME = "$(TARGET_NAME)";
				PROVISIONING_PROFILE_SPECIFIER = "";
				SWIFT_EMIT_LOC_STRINGS = YES;
				SWIFT_VERSION = 5.0;
				TARGETED_DEVICE_FAMILY = 1;
			};
			name = Debug;
		};
		34031C6028579F280027B6CD /* Release */ = {
			isa = XCBuildConfiguration;
			buildSettings = {
				ASSETCATALOG_COMPILER_APPICON_NAME = AppIcon;
				ASSETCATALOG_COMPILER_GLOBAL_ACCENT_COLOR_NAME = AccentColor;
				CODE_SIGN_ENTITLEMENTS = test_deep_link/test_deep_link.entitlements;
				CODE_SIGN_IDENTITY = "Apple Development";
				CODE_SIGN_STYLE = Automatic;
				CURRENT_PROJECT_VERSION = 1;
				DEVELOPMENT_TEAM = 59B368V557;
				GENERATE_INFOPLIST_FILE = YES;
				INFOPLIST_FILE = test_deep_link/Info.plist;
				INFOPLIST_KEY_UIApplicationSupportsIndirectInputEvents = YES;
				INFOPLIST_KEY_UILaunchStoryboardName = LaunchScreen;
				INFOPLIST_KEY_UIMainStoryboardFile = Main;
				INFOPLIST_KEY_UISupportedInterfaceOrientations_iPad = "UIInterfaceOrientationPortrait UIInterfaceOrientationPortraitUpsideDown UIInterfaceOrientationLandscapeLeft UIInterfaceOrientationLandscapeRight";
				INFOPLIST_KEY_UISupportedInterfaceOrientations_iPhone = "UIInterfaceOrientationPortrait UIInterfaceOrientationLandscapeLeft UIInterfaceOrientationLandscapeRight";
				IPHONEOS_DEPLOYMENT_TARGET = 13.0;
				LD_RUNPATH_SEARCH_PATHS = (
					"$(inherited)",
					"@executable_path/Frameworks",
				);
				MARKETING_VERSION = 1.0;
				PRODUCT_BUNDLE_IDENTIFIER = dp.test.deep.link;
				PRODUCT_NAME = "$(TARGET_NAME)";
				PROVISIONING_PROFILE_SPECIFIER = "";
				SWIFT_EMIT_LOC_STRINGS = YES;
				SWIFT_VERSION = 5.0;
				TARGETED_DEVICE_FAMILY = 1;
			};
			name = Release;
		};
		34031C6228579F280027B6CD /* Debug */ = {
			isa = XCBuildConfiguration;
			buildSettings = {
				ALWAYS_EMBED_SWIFT_STANDARD_LIBRARIES = YES;
				BUNDLE_LOADER = "$(TEST_HOST)";
				CODE_SIGN_STYLE = Automatic;
				CURRENT_PROJECT_VERSION = 1;
				GENERATE_INFOPLIST_FILE = YES;
				IPHONEOS_DEPLOYMENT_TARGET = 15.5;
				MARKETING_VERSION = 1.0;
				PRODUCT_BUNDLE_IDENTIFIER = "DP.test-deep-linkTests";
				PRODUCT_NAME = "$(TARGET_NAME)";
				SWIFT_EMIT_LOC_STRINGS = NO;
				SWIFT_VERSION = 5.0;
				TARGETED_DEVICE_FAMILY = "1,2";
				TEST_HOST = "$(BUILT_PRODUCTS_DIR)/test_deep_link.app/test_deep_link";
			};
			name = Debug;
		};
		34031C6328579F280027B6CD /* Release */ = {
			isa = XCBuildConfiguration;
			buildSettings = {
				ALWAYS_EMBED_SWIFT_STANDARD_LIBRARIES = YES;
				BUNDLE_LOADER = "$(TEST_HOST)";
				CODE_SIGN_STYLE = Automatic;
				CURRENT_PROJECT_VERSION = 1;
				GENERATE_INFOPLIST_FILE = YES;
				IPHONEOS_DEPLOYMENT_TARGET = 15.5;
				MARKETING_VERSION = 1.0;
				PRODUCT_BUNDLE_IDENTIFIER = "DP.test-deep-linkTests";
				PRODUCT_NAME = "$(TARGET_NAME)";
				SWIFT_EMIT_LOC_STRINGS = NO;
				SWIFT_VERSION = 5.0;
				TARGETED_DEVICE_FAMILY = "1,2";
				TEST_HOST = "$(BUILT_PRODUCTS_DIR)/test_deep_link.app/test_deep_link";
			};
			name = Release;
		};
		34031C6528579F280027B6CD /* Debug */ = {
			isa = XCBuildConfiguration;
			buildSettings = {
				ALWAYS_EMBED_SWIFT_STANDARD_LIBRARIES = YES;
				CODE_SIGN_STYLE = Automatic;
				CURRENT_PROJECT_VERSION = 1;
				GENERATE_INFOPLIST_FILE = YES;
				MARKETING_VERSION = 1.0;
				PRODUCT_BUNDLE_IDENTIFIER = "DP.test-deep-linkUITests";
				PRODUCT_NAME = "$(TARGET_NAME)";
				SWIFT_EMIT_LOC_STRINGS = NO;
				SWIFT_VERSION = 5.0;
				TARGETED_DEVICE_FAMILY = "1,2";
				TEST_TARGET_NAME = test_deep_link;
			};
			name = Debug;
		};
		34031C6628579F280027B6CD /* Release */ = {
			isa = XCBuildConfiguration;
			buildSettings = {
				ALWAYS_EMBED_SWIFT_STANDARD_LIBRARIES = YES;
				CODE_SIGN_STYLE = Automatic;
				CURRENT_PROJECT_VERSION = 1;
				GENERATE_INFOPLIST_FILE = YES;
				MARKETING_VERSION = 1.0;
				PRODUCT_BUNDLE_IDENTIFIER = "DP.test-deep-linkUITests";
				PRODUCT_NAME = "$(TARGET_NAME)";
				SWIFT_EMIT_LOC_STRINGS = NO;
				SWIFT_VERSION = 5.0;
				TARGETED_DEVICE_FAMILY = "1,2";
				TEST_TARGET_NAME = test_deep_link;
			};
			name = Release;
		};
/* End XCBuildConfiguration section */

/* Begin XCConfigurationList section */
		34031C2F28579F250027B6CD /* Build configuration list for PBXProject "test_deep_link" */ = {
			isa = XCConfigurationList;
			buildConfigurations = (
				34031C5C28579F280027B6CD /* Debug */,
				34031C5D28579F280027B6CD /* Release */,
			);
			defaultConfigurationIsVisible = 0;
			defaultConfigurationName = Release;
		};
		34031C5E28579F280027B6CD /* Build configuration list for PBXNativeTarget "test_deep_link" */ = {
			isa = XCConfigurationList;
			buildConfigurations = (
				34031C5F28579F280027B6CD /* Debug */,
				34031C6028579F280027B6CD /* Release */,
			);
			defaultConfigurationIsVisible = 0;
			defaultConfigurationName = Release;
		};
		34031C6128579F280027B6CD /* Build configuration list for PBXNativeTarget "test_deep_linkTests" */ = {
			isa = XCConfigurationList;
			buildConfigurations = (
				34031C6228579F280027B6CD /* Debug */,
				34031C6328579F280027B6CD /* Release */,
			);
			defaultConfigurationIsVisible = 0;
			defaultConfigurationName = Release;
		};
		34031C6428579F280027B6CD /* Build configuration list for PBXNativeTarget "test_deep_linkUITests" */ = {
			isa = XCConfigurationList;
			buildConfigurations = (
				34031C6528579F280027B6CD /* Debug */,
				34031C6628579F280027B6CD /* Release */,
			);
			defaultConfigurationIsVisible = 0;
			defaultConfigurationName = Release;
		};
/* End XCConfigurationList section */
	};
	rootObject = 34031C2C28579F250027B6CD /* Project object */;
}
